
Microsoft Visual Studio Solution File, Format Version 12.00
Project("{FAE04EC0-301F-11D3-BF4B-00C04F79EFBC}") = "JenkinsApp", "JenkinsApp\JenkinsApp.csproj", "{36B07236-BBAB-4FE0-9EEA-950A88CF9098}"
EndProject
Global
	GlobalSection(SolutionConfigurationPlatforms) = preSolution
		Debug|Any CPU = Debug|Any CPU
		Release|Any CPU = Release|Any CPU
	EndGlobalSection
	GlobalSection(ProjectConfigurationPlatforms) = postSolution
		{36B07236-BBAB-4FE0-9EEA-950A88CF9098}.Debug|Any CPU.ActiveCfg = Debug|Any CPU
		{36B07236-BBAB-4FE0-9EEA-950A88CF9098}.Debug|Any CPU.Build.0 = Debug|Any CPU
		{36B07236-BBAB-4FE0-9EEA-950A88CF9098}.Release|Any CPU.ActiveCfg = Release|Any CPU
		{36B07236-BBAB-4FE0-9EEA-950A88CF9098}.Release|Any CPU.Build.0 = Release|Any CPU
	EndGlobalSection
EndGlobal
